<?xml version="1.0" encoding="utf-8"?>
<Project ToolsVersion="4.0" xmlns="http://schemas.microsoft.com/developer/msbuild/2003">
  <ItemGroup>
    <Filter Include="Resource Files">
      <UniqueIdentifier>{67DA6AB6-F800-4c08-8B7A-83BB121AAD01}</UniqueIdentifier>
      <Extensions>rc;ico;cur;bmp;dlg;rc2;rct;bin;rgs;gif;jpg;jpeg;jpe;resx;tiff;tif;png;wav;mfcribbon-ms</Extensions>
    </Filter>
    <Filter Include="Resource Files\engine">
      <UniqueIdentifier>{972ca6b5-b566-47a1-b6e5-5cd538d7268c}</UniqueIdentifier>
    </Filter>
    <Filter Include="Resource Files\engine\emoji">
      <UniqueIdentifier>{c78472e3-c4e0-4506-9bf9-9472da31c6ad}</UniqueIdentifier>
    </Filter>
    <Filter Include="Resource Files\engine\font">
      <UniqueIdentifier>{ce7c63eb-41c4-4772-8a5e-d693e6bd0941}</UniqueIdentifier>
    </Filter>
    <Filter Include="Resource Files\engine\shader">
      <UniqueIdentifier>{e1d14020-7d02-42c7-8b66-f3b6ad353f1b}</UniqueIdentifier>
    </Filter>
    <Filter Include="Resource Files\engine\texture">
      <UniqueIdentifier>{aae3423c-3e89-49de-a0a9-fe3b2894757f}</UniqueIdentifier>
    </Filter>
    <Filter Include="Resource Files\engine\font\fontawesome">
      <UniqueIdentifier>{da508b0f-cfdf-4e4d-aeda-47be86a1bcb3}</UniqueIdentifier>
    </Filter>
    <Filter Include="Resource Files\engine\font\mplus">
      <UniqueIdentifier>{2902a225-0400-46b0-b372-4af9b723a698}</UniqueIdentifier>
    </Filter>
    <Filter Include="Resource Files\engine\font\noto">
      <UniqueIdentifier>{35772d4b-7a5b-4b92-af70-a7fde678b554}</UniqueIdentifier>
    </Filter>
    <Filter Include="Resource Files\engine\texture\box-shadow">
      <UniqueIdentifier>{cb012b1d-99ec-4d07-9383-ca0c0dc07cdc}</UniqueIdentifier>
    </Filter>
    <Filter Include="Resource Files\engine\objdetect">
      <UniqueIdentifier>{84ef0b75-f6af-436f-999c-73dc7a6f5bef}</UniqueIdentifier>
    </Filter>
    <Filter Include="Resource Files\engine\soundfont">
      <UniqueIdentifier>{15aded12-f7a3-43d1-8511-e4ad812b7816}</UniqueIdentifier>
    </Filter>
    <Filter Include="Resource Files\engine\objdetect\haarcascade">
      <UniqueIdentifier>{e3d7a277-272a-4561-b375-8f74e98bcfeb}</UniqueIdentifier>
    </Filter>
    <Filter Include="Resource Files\nlp">
      <UniqueIdentifier>{f79e2386-3308-4bd4-a299-cff6f0a3371d}</UniqueIdentifier>
    </Filter>
    <Filter Include="Resource Files\nlp\japanese">
      <UniqueIdentifier>{29db51bf-7ada-4ec7-bd32-8340162a8797}</UniqueIdentifier>
    </Filter>
    <Filter Include="Resource Files\nlp\japanese\jumanpp">
      <UniqueIdentifier>{f6fe2a89-c647-48e2-bb2c-27b03b1aeced}</UniqueIdentifier>
    </Filter>
    <Filter Include="src">
      <UniqueIdentifier>{4FC737F1-C7A5-4376-A066-2A32D752A2FF}</UniqueIdentifier>
      <Extensions>cpp;c;cc;cxx;def;odl;idl;hpj;bat;asm;asmx</Extensions>
    </Filter>
    <Filter Include="src\MyLibrary">
      <UniqueIdentifier>{3dcbb631-6e35-49b1-877b-88d68fc94947}</UniqueIdentifier>
    </Filter>
    <Filter Include="src\Config">
      <UniqueIdentifier>{0554c3fc-063f-4b8b-85b6-4ff49bc950b3}</UniqueIdentifier>
    </Filter>
    <Filter Include="src\Scene">
      <UniqueIdentifier>{9c639278-0404-42a2-a3a1-8e97aa2fb848}</UniqueIdentifier>
    </Filter>
    <Filter Include="src\ButtonSet">
      <UniqueIdentifier>{bf5770ef-3c5e-4551-8e3a-84d2a81f1aac}</UniqueIdentifier>
    </Filter>
    <Filter Include="src\ButtonSet\Button">
      <UniqueIdentifier>{1a1299cf-ed6f-45c8-91d8-a8e1e14660bf}</UniqueIdentifier>
    </Filter>
    <Filter Include="src\Scene\Title">
      <UniqueIdentifier>{2a8c1b64-20f4-485a-81fc-c667968b1412}</UniqueIdentifier>
    </Filter>
    <Filter Include="src\MyPixelShader">
      <UniqueIdentifier>{ebb20f48-4dfa-45d3-9ae9-10a549110319}</UniqueIdentifier>
    </Filter>
    <Filter Include="shader">
      <UniqueIdentifier>{0be1f91f-0f48-4b88-8e6f-14dd32910836}</UniqueIdentifier>
    </Filter>
    <Filter Include="src\Scene\Room">
      <UniqueIdentifier>{ce7abece-eaea-45aa-9adb-0c307cd34c63}</UniqueIdentifier>
    </Filter>
    <Filter Include="src\Scene\Load">
      <UniqueIdentifier>{f032d1e6-a527-47db-ba17-2e69d27ffa04}</UniqueIdentifier>
    </Filter>
    <Filter Include="src\Scene\Room\RoomPlayer">
      <UniqueIdentifier>{53420de2-5e0c-4325-b728-9b903d9a8a21}</UniqueIdentifier>
    </Filter>
    <Filter Include="src\SliceTexture">
      <UniqueIdentifier>{bfd62f52-e74e-4792-b355-e9bd13edb2a3}</UniqueIdentifier>
    </Filter>
    <Filter Include="src\SliceTexture\Animation">
      <UniqueIdentifier>{81030cd0-3319-44fd-86c0-b1dd2a11b9b3}</UniqueIdentifier>
    </Filter>
    <Filter Include="src\SliceTexture\Linearly">
      <UniqueIdentifier>{540e0d4c-c8cd-4997-be3e-8f0c859ee69b}</UniqueIdentifier>
    </Filter>
    <Filter Include="src\Scene\Room\RoomEvent">
      <UniqueIdentifier>{93f4a152-a591-4458-8b50-fc6825dd7149}</UniqueIdentifier>
    </Filter>
    <Filter Include="src\Scene\Room\RoomEvent\TextEvent">
      <UniqueIdentifier>{6bc7f828-539c-4a88-9199-2b4d70a552bc}</UniqueIdentifier>
    </Filter>
    <Filter Include="src\Scene\Room\RoomEvent\SelectEvent">
      <UniqueIdentifier>{6323c9ec-3709-4b93-bc1c-7225d89d9e9a}</UniqueIdentifier>
    </Filter>
    <Filter Include="src\Scene\Game">
      <UniqueIdentifier>{54911aaf-5f39-451d-8fe3-14455d8c78aa}</UniqueIdentifier>
    </Filter>
    <Filter Include="src\Scene\Game\Manager">
      <UniqueIdentifier>{b95f6c7a-9709-4c45-8e62-7edbaaa48dbd}</UniqueIdentifier>
    </Filter>
    <Filter Include="src\Scene\Game\Manager\Stage">
      <UniqueIdentifier>{84b52600-48fb-445e-b7ec-b831e874344a}</UniqueIdentifier>
    </Filter>
  </ItemGroup>
  <ItemGroup>
    <Image Include="App\icon.ico">
      <Filter>Resource Files</Filter>
    </Image>
    <Image Include="App\engine\texture\box-shadow\128.png">
      <Filter>Resource Files\engine\texture\box-shadow</Filter>
    </Image>
    <Image Include="App\engine\texture\box-shadow\256.png">
      <Filter>Resource Files\engine\texture\box-shadow</Filter>
    </Image>
    <Image Include="App\engine\texture\box-shadow\8.png">
      <Filter>Resource Files\engine\texture\box-shadow</Filter>
    </Image>
    <Image Include="App\engine\texture\box-shadow\16.png">
      <Filter>Resource Files\engine\texture\box-shadow</Filter>
    </Image>
    <Image Include="App\engine\texture\box-shadow\32.png">
      <Filter>Resource Files\engine\texture\box-shadow</Filter>
    </Image>
    <Image Include="App\engine\texture\box-shadow\64.png">
      <Filter>Resource Files\engine\texture\box-shadow</Filter>
    </Image>
  </ItemGroup>
  <ItemGroup>
    <ResourceCompile Include="App\Resource.rc">
      <Filter>Resource Files</Filter>
    </ResourceCompile>
  </ItemGroup>
  <ItemGroup>
    <None Include="App\engine\emoji\noto7_dictionary.dat">
      <Filter>Resource Files\engine\emoji</Filter>
    </None>
    <None Include="App\nlp\japanese\jumanpp\LICENSE">
      <Filter>Resource Files\nlp\japanese\jumanpp</Filter>
    </None>
    <None Include="App\nlp\japanese\jumanpp\README.md">
      <Filter>Resource Files\nlp\japanese\jumanpp</Filter>
    </None>
    <None Include="App\engine\font\fontawesome\fontawesome-brands.otf.zstdcmp">
      <Filter>Resource Files\engine\font\fontawesome</Filter>
    </None>
    <None Include="App\engine\font\fontawesome\fontawesome-solid.otf.zstdcmp">
      <Filter>Resource Files\engine\font\fontawesome</Filter>
    </None>
    <None Include="App\engine\font\mplus\mplus-1p-light.ttf.zstdcmp">
      <Filter>Resource Files\engine\font\mplus</Filter>
    </None>
    <None Include="App\engine\font\mplus\mplus-1p-medium.ttf.zstdcmp">
      <Filter>Resource Files\engine\font\mplus</Filter>
    </None>
    <None Include="App\engine\font\mplus\mplus-1p-regular.ttf.zstdcmp">
      <Filter>Resource Files\engine\font\mplus</Filter>
    </None>
    <None Include="App\engine\font\mplus\mplus-1p-thin.ttf.zstdcmp">
      <Filter>Resource Files\engine\font\mplus</Filter>
    </None>
    <None Include="App\engine\font\mplus\LICENSE_E">
      <Filter>Resource Files\engine\font\mplus</Filter>
    </None>
    <None Include="App\engine\font\mplus\mplus-1p-black.ttf.zstdcmp">
      <Filter>Resource Files\engine\font\mplus</Filter>
    </None>
    <None Include="App\engine\font\mplus\mplus-1p-bold.ttf.zstdcmp">
      <Filter>Resource Files\engine\font\mplus</Filter>
    </None>
    <None Include="App\engine\font\mplus\mplus-1p-heavy.ttf.zstdcmp">
      <Filter>Resource Files\engine\font\mplus</Filter>
    </None>
    <None Include="App\engine\font\noto\NotoColorEmoji.ttf.zstdcmp">
      <Filter>Resource Files\engine\font\noto</Filter>
    </None>
    <None Include="App\engine\font\noto\NotoEmoji-Regular.ttf.zstdcmp">
      <Filter>Resource Files\engine\font\noto</Filter>
    </None>
    <None Include="App\engine\objdetect\haarcascade\eye_eyeglasses.xml.zstdcmp">
      <Filter>Resource Files\engine\objdetect\haarcascade</Filter>
    </None>
    <None Include="App\engine\objdetect\haarcascade\face_anime.xml.zstdcmp">
      <Filter>Resource Files\engine\objdetect\haarcascade</Filter>
    </None>
    <None Include="App\engine\objdetect\haarcascade\frontal_catface.xml.zstdcmp">
      <Filter>Resource Files\engine\objdetect\haarcascade</Filter>
    </None>
    <None Include="App\engine\objdetect\haarcascade\frontal_face_alt2.xml.zstdcmp">
      <Filter>Resource Files\engine\objdetect\haarcascade</Filter>
    </None>
    <None Include="App\engine\objdetect\haarcascade\eye.xml.zstdcmp">
      <Filter>Resource Files\engine\objdetect\haarcascade</Filter>
    </None>
    <None Include="App\engine\soundfont\GMGSx.sf2.zstdcmp">
      <Filter>Resource Files\engine\soundfont</Filter>
    </None>
    <None Include="App\engine\shader\gaussian_blur_9.ps">
      <Filter>Resource Files\engine\shader</Filter>
    </None>
    <None Include="App\engine\shader\round_dot.ps">
      <Filter>Resource Files\engine\shader</Filter>
    </None>
    <None Include="App\engine\shader\sdf.ps">
      <Filter>Resource Files\engine\shader</Filter>
    </None>
    <None Include="App\engine\shader\shape.ps">
      <Filter>Resource Files\engine\shader</Filter>
    </None>
    <None Include="App\engine\shader\sprite.vs">
      <Filter>Resource Files\engine\shader</Filter>
    </None>
    <None Include="App\engine\shader\square_dot.ps">
      <Filter>Resource Files\engine\shader</Filter>
    </None>
    <None Include="App\engine\shader\texture.ps">
      <Filter>Resource Files\engine\shader</Filter>
    </None>
    <None Include="App\engine\shader\copy.ps">
      <Filter>Resource Files\engine\shader</Filter>
    </None>
    <None Include="App\engine\shader\fullscreen_triangle_draw.ps">
      <Filter>Resource Files\engine\shader</Filter>
    </None>
    <None Include="App\engine\shader\fullscreen_triangle_draw.vs">
      <Filter>Resource Files\engine\shader</Filter>
    </None>
    <None Include="App\engine\shader\fullscreen_triangle_resolve.ps">
      <Filter>Resource Files\engine\shader</Filter>
    </None>
    <None Include="App\engine\shader\fullscreen_triangle_resolve.vs">
      <Filter>Resource Files\engine\shader</Filter>
    </None>
    <None Include="App\asset\shader\TitleLogoShader.hlsl">
      <Filter>shader</Filter>
    </None>
  </ItemGroup>
  <ItemGroup>
    <Text Include="App\engine\font\fontawesome\LICENSE.txt">
      <Filter>Resource Files\engine\font\fontawesome</Filter>
    </Text>
    <Text Include="App\engine\font\noto\LICENSE_OFL.txt">
      <Filter>Resource Files\engine\font\noto</Filter>
    </Text>
  </ItemGroup>
  <ItemGroup>
    <ClCompile Include="src\Main.cpp">
      <Filter>src</Filter>
    </ClCompile>
    <ClCompile Include="src\MyLibrary\MyLibrary.cpp">
      <Filter>src\MyLibrary</Filter>
    </ClCompile>
    <ClCompile Include="src\ButtonSet\ButtonSet.cpp">
      <Filter>src\ButtonSet</Filter>
    </ClCompile>
    <ClCompile Include="src\Scene\Title\TitleScene.cpp">
      <Filter>src\Scene\Title</Filter>
    </ClCompile>
    <ClCompile Include="src\MyPixelShader\MyPixelShader.cpp">
      <Filter>src\MyPixelShader</Filter>
    </ClCompile>
    <ClCompile Include="src\Scene\Room\RoomScene.cpp">
      <Filter>src\Scene\Room</Filter>
    </ClCompile>
    <ClCompile Include="src\SliceTexture\SliceTexture.cpp">
      <Filter>src\SliceTexture</Filter>
    </ClCompile>
    <ClCompile Include="src\SliceTexture\Animation\Animation.cpp">
      <Filter>src\SliceTexture\Animation</Filter>
    </ClCompile>
    <ClCompile Include="src\Scene\Room\RoomPlayer\RoomPlayer.cpp">
      <Filter>src\Scene\Room\RoomPlayer</Filter>
    </ClCompile>
    <ClCompile Include="src\Scene\Room\RoomEvent\TextEvent\TextEvent.cpp">
      <Filter>src\Scene\Room\RoomEvent\TextEvent</Filter>
    </ClCompile>
    <ClCompile Include="src\Scene\Room\RoomEvent\SelectEvent\SelectEvent.cpp">
      <Filter>src\Scene\Room\RoomEvent\SelectEvent</Filter>
    </ClCompile>
    <ClCompile Include="src\Scene\Game\Manager\Stage\StageManager.cpp">
      <Filter>src\Scene\Game\Manager\Stage</Filter>
    </ClCompile>
    <ClCompile Include="src\Scene\Load\LoadScene.cpp">
      <Filter>src\Scene\Load</Filter>
    </ClCompile>
    <ClCompile Include="src\Scene\Game\Manager\GameManager.cpp">
      <Filter>src\Scene\Game\Manager</Filter>
    </ClCompile>
    <ClCompile Include="src\Scene\Game\LoadGameScene.cpp">
      <Filter>src\Scene\Game</Filter>
    </ClCompile>
    <ClCompile Include="src\Scene\Game\GameScene.cpp">
      <Filter>src\Scene\Game</Filter>
    </ClCompile>
  </ItemGroup>
  <ItemGroup>
    <ClInclude Include="src\MyLibrary\MyLibrary.hpp">
      <Filter>src\MyLibrary</Filter>
    </ClInclude>
    <ClInclude Include="src\Config\Config.hpp">
      <Filter>src\Config</Filter>
    </ClInclude>
    <ClInclude Include="src\Scene\Scene.hpp">
      <Filter>src\Scene</Filter>
    </ClInclude>
    <ClInclude Include="src\ButtonSet\ButtonSet.hpp">
      <Filter>src\ButtonSet</Filter>
    </ClInclude>
    <ClInclude Include="src\ButtonSet\Button\Button.hpp">
      <Filter>src\ButtonSet\Button</Filter>
    </ClInclude>
    <ClInclude Include="src\Scene\Title\TitleScene.hpp">
      <Filter>src\Scene\Title</Filter>
    </ClInclude>
    <ClInclude Include="src\MyPixelShader\MyPixelShader.hpp">
      <Filter>src\MyPixelShader</Filter>
    </ClInclude>
    <ClInclude Include="src\Scene\Room\RoomScene.hpp">
      <Filter>src\Scene\Room</Filter>
    </ClInclude>
    <ClInclude Include="src\Scene\Load\LoadScene.hpp">
      <Filter>src\Scene\Load</Filter>
    </ClInclude>
    <ClInclude Include="src\Scene\Room\RoomPlayer\RoomPlayer.hpp">
      <Filter>src\Scene\Room\RoomPlayer</Filter>
    </ClInclude>
    <ClInclude Include="src\SliceTexture\SliceTexture.hpp">
      <Filter>src\SliceTexture</Filter>
    </ClInclude>
    <ClInclude Include="src\SliceTexture\Animation\Animation.hpp">
      <Filter>src\SliceTexture\Animation</Filter>
    </ClInclude>
    <ClInclude Include="src\SliceTexture\Linearly\Linearly.hpp">
      <Filter>src\SliceTexture\Linearly</Filter>
    </ClInclude>
    <ClInclude Include="src\Scene\Room\RoomEvent\RoomEvent.hpp">
      <Filter>src\Scene\Room\RoomEvent</Filter>
    </ClInclude>
    <ClInclude Include="src\Scene\Room\RoomEvent\TextEvent\TextEvent.hpp">
      <Filter>src\Scene\Room\RoomEvent\TextEvent</Filter>
    </ClInclude>
    <ClInclude Include="src\Scene\Room\RoomEvent\SelectEvent\SelectEvent.hpp">
      <Filter>src\Scene\Room\RoomEvent\SelectEvent</Filter>
    </ClInclude>
    <ClInclude Include="src\Scene\Game\Manager\Stage\StageManager.hpp">
      <Filter>src\Scene\Game\Manager\Stage</Filter>
    </ClInclude>
    <ClInclude Include="src\Scene\Game\Manager\GameManager.hpp">
      <Filter>src\Scene\Game\Manager</Filter>
    </ClInclude>
    <ClInclude Include="src\Scene\Game\LoadGameScene.hpp">
      <Filter>src\Scene\Game</Filter>
    </ClInclude>
    <ClInclude Include="src\Scene\Game\GameScene.hpp">
      <Filter>src\Scene\Game</Filter>
    </ClInclude>
  </ItemGroup>
</Project>